
Microsoft Visual Studio Solution File, Format Version 12.00
# Visual Studio Version 17
VisualStudioVersion = 17.14.36511.14 d17.14
MinimumVisualStudioVersion = 10.0.40219.1
Project("{FAE04EC0-301F-11D3-BF4B-00C04F79EFBC}") = "FlightJournal.Web", "FlightJournal.Web\FlightJournal.Web.csproj", "{4F89A36C-DC4B-429C-9E99-8D97464BD2FD}"
EndProject
Project("{FAE04EC0-301F-11D3-BF4B-00C04F79EFBC}") = "FlightJournal.Tests", "FlightJournal.Tests\FlightJournal.Tests.csproj", "{7E6DD0B1-4A4B-4C57-AE50-0414E4642679}"
EndProject
Project("{2150E333-8FDC-42A3-9474-1A3956D46DE8}") = "Solution Items", "Solution Items", "{B3246F77-2693-464E-A405-6B0C4F8E884F}"
	ProjectSection(SolutionItems) = preProject
		appveyor.yml = appveyor.yml
		LICENSE = LICENSE
		README.AspNetCoreMigration.md = README.AspNetCoreMigration.md
		Translation.cmd = Translation.cmd
	EndProjectSection
EndProject
Project("{2150E333-8FDC-42A3-9474-1A3956D46DE8}") = ".nuget", ".nuget", "{A7DA5AEF-484D-48EF-AAA4-861A37185E0B}"
	ProjectSection(SolutionItems) = preProject
		.nuget\packages.config = .nuget\packages.config
	EndProjectSection
EndProject
Project("{2150E333-8FDC-42A3-9474-1A3956D46DE8}") = ".github", ".github", "{C532EC9D-8C02-4A76-B06B-EFE8793CBC53}"
	ProjectSection(SolutionItems) = preProject
		.github\CONTRIBUTING.md = .github\CONTRIBUTING.md
		.github\README.md = .github\README.md
	EndProjectSection
EndProject
Project("{2150E333-8FDC-42A3-9474-1A3956D46DE8}") = "workflows", "workflows", "{0EDC719A-FF1A-4FAB-B7AD-BB4F46BD3223}"
	ProjectSection(SolutionItems) = preProject
		.github\workflows\demo_startlist.yml = .github\workflows\demo_startlist.yml
		.github\workflows\dev_startlist.yml = .github\workflows\dev_startlist.yml
		.github\workflows\production_startlist.yml = .github\workflows\production_startlist.yml
	EndProjectSection
EndProject
Project("{FAE04EC0-301F-11D3-BF4B-00C04F79EFBC}") = "FlightJournal.Host", "FlightJournal.Host\FlightJournal.Host.csproj", "{02B7C122-113A-2E1F-EDB2-A2C250D86A42}"
EndProject
Global
	GlobalSection(SolutionConfigurationPlatforms) = preSolution
		Debug|Any CPU = Debug|Any CPU
		Demo|Any CPU = Demo|Any CPU
		Dev|Any CPU = Dev|Any CPU
		Release|Any CPU = Release|Any CPU
	EndGlobalSection
	GlobalSection(ProjectConfigurationPlatforms) = postSolution
		{4F89A36C-DC4B-429C-9E99-8D97464BD2FD}.Debug|Any CPU.ActiveCfg = Debug|Any CPU
		{4F89A36C-DC4B-429C-9E99-8D97464BD2FD}.Debug|Any CPU.Build.0 = Debug|Any CPU
		{4F89A36C-DC4B-429C-9E99-8D97464BD2FD}.Demo|Any CPU.ActiveCfg = Demo|Any CPU
		{4F89A36C-DC4B-429C-9E99-8D97464BD2FD}.Demo|Any CPU.Build.0 = Demo|Any CPU
		{4F89A36C-DC4B-429C-9E99-8D97464BD2FD}.Dev|Any CPU.ActiveCfg = Dev|Any CPU
		{4F89A36C-DC4B-429C-9E99-8D97464BD2FD}.Dev|Any CPU.Build.0 = Dev|Any CPU
		{4F89A36C-DC4B-429C-9E99-8D97464BD2FD}.Release|Any CPU.ActiveCfg = Release|Any CPU
		{4F89A36C-DC4B-429C-9E99-8D97464BD2FD}.Release|Any CPU.Build.0 = Release|Any CPU
		{7E6DD0B1-4A4B-4C57-AE50-0414E4642679}.Debug|Any CPU.ActiveCfg = Debug|Any CPU
		{7E6DD0B1-4A4B-4C57-AE50-0414E4642679}.Debug|Any CPU.Build.0 = Debug|Any CPU
		{7E6DD0B1-4A4B-4C57-AE50-0414E4642679}.Demo|Any CPU.ActiveCfg = Release|Any CPU
		{7E6DD0B1-4A4B-4C57-AE50-0414E4642679}.Dev|Any CPU.ActiveCfg = Release|Any CPU
		{7E6DD0B1-4A4B-4C57-AE50-0414E4642679}.Release|Any CPU.ActiveCfg = Release|Any CPU
		{02B7C122-113A-2E1F-EDB2-A2C250D86A42}.Debug|Any CPU.ActiveCfg = Debug|Any CPU
		{02B7C122-113A-2E1F-EDB2-A2C250D86A42}.Debug|Any CPU.Build.0 = Debug|Any CPU
		{02B7C122-113A-2E1F-EDB2-A2C250D86A42}.Demo|Any CPU.ActiveCfg = Release|Any CPU
		{02B7C122-113A-2E1F-EDB2-A2C250D86A42}.Demo|Any CPU.Build.0 = Release|Any CPU
		{02B7C122-113A-2E1F-EDB2-A2C250D86A42}.Dev|Any CPU.ActiveCfg = Release|Any CPU
		{02B7C122-113A-2E1F-EDB2-A2C250D86A42}.Dev|Any CPU.Build.0 = Release|Any CPU
		{02B7C122-113A-2E1F-EDB2-A2C250D86A42}.Release|Any CPU.ActiveCfg = Release|Any CPU
		{02B7C122-113A-2E1F-EDB2-A2C250D86A42}.Release|Any CPU.Build.0 = Release|Any CPU
	EndGlobalSection
	GlobalSection(SolutionProperties) = preSolution
		HideSolutionNode = FALSE
	EndGlobalSection
	GlobalSection(NestedProjects) = preSolution
		{0EDC719A-FF1A-4FAB-B7AD-BB4F46BD3223} = {C532EC9D-8C02-4A76-B06B-EFE8793CBC53}
	EndGlobalSection
	GlobalSection(ExtensibilityGlobals) = postSolution
		SolutionGuid = {DFB5A3DF-D427-439E-AB78-F3B39148939F}
	EndGlobalSection
EndGlobal
